
Microsoft Visual Studio Solution File, Format Version 12.00
# Visual Studio Version 16
VisualStudioVersion = 16.6.30114.105
MinimumVisualStudioVersion = 10.0.40219.1
Project("{FAE04EC0-301F-11D3-BF4B-00C04F79EFBC}") = "R5T.T0091.Construction", "R5T.T0091.Construction\R5T.T0091.Construction.csproj", "{28D12A8D-E8FE-4D40-BB5B-18D4808C92E5}"
EndProject
Project("{FAE04EC0-301F-11D3-BF4B-00C04F79EFBC}") = "R5T.T0091", "R5T.T0091\R5T.T0091.csproj", "{0CFB1A40-7DF8-4369-8E33-7B1508C42010}"
EndProject
Global
	GlobalSection(SolutionConfigurationPlatforms) = preSolution
		Debug|Any CPU = Debug|Any CPU
		Debug|x64 = Debug|x64
		Debug|x86 = Debug|x86
		Release|Any CPU = Release|Any CPU
		Release|x64 = Release|x64
		Release|x86 = Release|x86
	EndGlobalSection
	GlobalSection(SolutionProperties) = preSolution
		HideSolutionNode = FALSE
	EndGlobalSection
	GlobalSection(ProjectConfigurationPlatforms) = postSolution
		{28D12A8D-E8FE-4D40-BB5B-18D4808C92E5}.Debug|Any CPU.ActiveCfg = Debug|Any CPU
		{28D12A8D-E8FE-4D40-BB5B-18D4808C92E5}.Debug|Any CPU.Build.0 = Debug|Any CPU
		{28D12A8D-E8FE-4D40-BB5B-18D4808C92E5}.Debug|x64.ActiveCfg = Debug|Any CPU
		{28D12A8D-E8FE-4D40-BB5B-18D4808C92E5}.Debug|x64.Build.0 = Debug|Any CPU
		{28D12A8D-E8FE-4D40-BB5B-18D4808C92E5}.Debug|x86.ActiveCfg = Debug|Any CPU
		{28D12A8D-E8FE-4D40-BB5B-18D4808C92E5}.Debug|x86.Build.0 = Debug|Any CPU
		{28D12A8D-E8FE-4D40-BB5B-18D4808C92E5}.Release|Any CPU.ActiveCfg = Release|Any CPU
		{28D12A8D-E8FE-4D40-BB5B-18D4808C92E5}.Release|Any CPU.Build.0 = Release|Any CPU
		{28D12A8D-E8FE-4D40-BB5B-18D4808C92E5}.Release|x64.ActiveCfg = Release|Any CPU
		{28D12A8D-E8FE-4D40-BB5B-18D4808C92E5}.Release|x64.Build.0 = Release|Any CPU
		{28D12A8D-E8FE-4D40-BB5B-18D4808C92E5}.Release|x86.ActiveCfg = Release|Any CPU
		{28D12A8D-E8FE-4D40-BB5B-18D4808C92E5}.Release|x86.Build.0 = Release|Any CPU
		{0CFB1A40-7DF8-4369-8E33-7B1508C42010}.Debug|Any CPU.ActiveCfg = Debug|Any CPU
		{0CFB1A40-7DF8-4369-8E33-7B1508C42010}.Debug|Any CPU.Build.0 = Debug|Any CPU
		{0CFB1A40-7DF8-4369-8E33-7B1508C42010}.Debug|x64.ActiveCfg = Debug|Any CPU
		{0CFB1A40-7DF8-4369-8E33-7B1508C42010}.Debug|x64.Build.0 = Debug|Any CPU
		{0CFB1A40-7DF8-4369-8E33-7B1508C42010}.Debug|x86.ActiveCfg = Debug|Any CPU
		{0CFB1A40-7DF8-4369-8E33-7B1508C42010}.Debug|x86.Build.0 = Debug|Any CPU
		{0CFB1A40-7DF8-4369-8E33-7B1508C42010}.Release|Any CPU.ActiveCfg = Release|Any CPU
		{0CFB1A40-7DF8-4369-8E33-7B1508C42010}.Release|Any CPU.Build.0 = Release|Any CPU
		{0CFB1A40-7DF8-4369-8E33-7B1508C42010}.Release|x64.ActiveCfg = Release|Any CPU
		{0CFB1A40-7DF8-4369-8E33-7B1508C42010}.Release|x64.Build.0 = Release|Any CPU
		{0CFB1A40-7DF8-4369-8E33-7B1508C42010}.Release|x86.ActiveCfg = Release|Any CPU
		{0CFB1A40-7DF8-4369-8E33-7B1508C42010}.Release|x86.Build.0 = Release|Any CPU
	EndGlobalSection
EndGlobal
